
Microsoft Visual Studio Solution File, Format Version 12.00
# Visual Studio 15
VisualStudioVersion = 15.0.28307.1433
MinimumVisualStudioVersion = 10.0.40219.1
Project("{8BC9CEB8-8B4A-11D0-8D11-00A0C91BC942}") = "ModelViewer", "ModelViewer\ModelViewer.vcxproj", "{D23DBAEA-A7D8-4A30-9F5F-F5F38A592BAB}"
	ProjectSection(ProjectDependencies) = postProject
		{A1A99D5F-3138-35D4-8ADF-5BDAB35F3F05} = {A1A99D5F-3138-35D4-8ADF-5BDAB35F3F05}
		{3CBB0FC3-6388-47A2-8794-77DCAF3F607C} = {3CBB0FC3-6388-47A2-8794-77DCAF3F607C}
	EndProjectSection
EndProject
Project("{8BC9CEB8-8B4A-11D0-8D11-00A0C91BC942}") = "glfw", "ModelViewer\Libs\glfw\src\glfw.vcxproj", "{A1A99D5F-3138-35D4-8ADF-5BDAB35F3F05}"
EndProject
Project("{8BC9CEB8-8B4A-11D0-8D11-00A0C91BC942}") = "gl3w", "ModelViewer\Libs\gl3w\gl3w.vcxproj", "{3CBB0FC3-6388-47A2-8794-77DCAF3F607C}"
EndProject
Global
	GlobalSection(SolutionConfigurationPlatforms) = preSolution
		Debug|x64 = Debug|x64
		Debug|x86 = Debug|x86
		Release|x64 = Release|x64
		Release|x86 = Release|x86
	EndGlobalSection
	GlobalSection(ProjectConfigurationPlatforms) = postSolution
		{D23DBAEA-A7D8-4A30-9F5F-F5F38A592BAB}.Debug|x64.ActiveCfg = Debug|x64
		{D23DBAEA-A7D8-4A30-9F5F-F5F38A592BAB}.Debug|x64.Build.0 = Debug|x64
		{D23DBAEA-A7D8-4A30-9F5F-F5F38A592BAB}.Debug|x86.ActiveCfg = Debug|x64
		{D23DBAEA-A7D8-4A30-9F5F-F5F38A592BAB}.Release|x64.ActiveCfg = Release|x64
		{D23DBAEA-A7D8-4A30-9F5F-F5F38A592BAB}.Release|x64.Build.0 = Release|x64
		{D23DBAEA-A7D8-4A30-9F5F-F5F38A592BAB}.Release|x86.ActiveCfg = Release|x64
		{A1A99D5F-3138-35D4-8ADF-5BDAB35F3F05}.Debug|x64.ActiveCfg = Debug|x64
		{A1A99D5F-3138-35D4-8ADF-5BDAB35F3F05}.Debug|x64.Build.0 = Debug|x64
		{A1A99D5F-3138-35D4-8ADF-5BDAB35F3F05}.Debug|x86.ActiveCfg = Debug|x64
		{A1A99D5F-3138-35D4-8ADF-5BDAB35F3F05}.Release|x64.ActiveCfg = Release|x64
		{A1A99D5F-3138-35D4-8ADF-5BDAB35F3F05}.Release|x64.Build.0 = Release|x64
		{A1A99D5F-3138-35D4-8ADF-5BDAB35F3F05}.Release|x86.ActiveCfg = Release|x64
		{3CBB0FC3-6388-47A2-8794-77DCAF3F607C}.Debug|x64.ActiveCfg = Debug|x64
		{3CBB0FC3-6388-47A2-8794-77DCAF3F607C}.Debug|x64.Build.0 = Debug|x64
		{3CBB0FC3-6388-47A2-8794-77DCAF3F607C}.Debug|x86.ActiveCfg = Debug|Win32
		{3CBB0FC3-6388-47A2-8794-77DCAF3F607C}.Debug|x86.Build.0 = Debug|Win32
		{3CBB0FC3-6388-47A2-8794-77DCAF3F607C}.Release|x64.ActiveCfg = Release|x64
		{3CBB0FC3-6388-47A2-8794-77DCAF3F607C}.Release|x64.Build.0 = Release|x64
		{3CBB0FC3-6388-47A2-8794-77DCAF3F607C}.Release|x86.ActiveCfg = Release|Win32
		{3CBB0FC3-6388-47A2-8794-77DCAF3F607C}.Release|x86.Build.0 = Release|Win32
	EndGlobalSection
	GlobalSection(SolutionProperties) = preSolution
		HideSolutionNode = FALSE
	EndGlobalSection
	GlobalSection(ExtensibilityGlobals) = postSolution
		SolutionGuid = {D1AF62E2-46E6-37F5-BA10-CF0B0498ADDC}
	EndGlobalSection
EndGlobal
