<?xml version="1.0" encoding="utf-8"?>
<Project ToolsVersion="15.0" xmlns="http://schemas.microsoft.com/developer/msbuild/2003">
  <ItemGroup>
    <CustomBuild Include="H:\ModelViewer\ModelViewer\Libs\glfw\CMakeFiles\6eae2cdb6cef85d901080b7bbfae8049\update_mappings.rule">
      <Filter>CMake Rules</Filter>
    </CustomBuild>
    <CustomBuild Include="H:\ModelViewer\ModelViewer\Libs\glfw\src\CMakeLists.txt" />
  </ItemGroup>
  <ItemGroup>
    <None Include="H:\ModelViewer\ModelViewer\Libs\glfw\src\mappings.h.in">
      <Filter>Header Files</Filter>
    </None>
    <None Include="H:\ModelViewer\ModelViewer\Libs\glfw\CMake\GenerateMappings.cmake" />
    <None Include="H:\ModelViewer\ModelViewer\Libs\glfw\src\CMakeFiles\update_mappings" />
  </ItemGroup>
  <ItemGroup>
    <Filter Include="CMake Rules">
      <UniqueIdentifier>{9886E140-1083-3A41-9235-B50EF49B1801}</UniqueIdentifier>
    </Filter>
    <Filter Include="Header Files">
      <UniqueIdentifier>{C560798F-0068-36F2-A831-9DC73D6AA7C3}</UniqueIdentifier>
    </Filter>
  </ItemGroup>
</Project>
